
Microsoft Visual Studio Solution File, Format Version 12.00
# Visual Studio Version 16
VisualStudioVersion = 16.0.29411.108
MinimumVisualStudioVersion = 10.0.40219.1
Project("{FAE04EC0-301F-11D3-BF4B-00C04F79EFBC}") = "Tutorial1.Android", "Tutorial1.Android\Tutorial1.Android.csproj", "{0B1AE103-666F-4A6C-A7C8-3161E3709A6A}"
EndProject
Project("{FAE04EC0-301F-11D3-BF4B-00C04F79EFBC}") = "Tutorial1.iOS", "Tutorial1.iOS\Tutorial1.iOS.csproj", "{E0281050-D7AB-45AF-90BA-165E8846968E}"
EndProject
Project("{FAE04EC0-301F-11D3-BF4B-00C04F79EFBC}") = "Tutorial1", "Tutorial1\Tutorial1.csproj", "{09E56843-5878-4DDA-83BC-3CCA3D5592A6}"
EndProject
Global
	GlobalSection(SolutionConfigurationPlatforms) = preSolution
		Debug|Any CPU = Debug|Any CPU
		Debug|iPhone = Debug|iPhone
		Debug|iPhoneSimulator = Debug|iPhoneSimulator
		Release|Any CPU = Release|Any CPU
		Release|iPhone = Release|iPhone
		Release|iPhoneSimulator = Release|iPhoneSimulator
	EndGlobalSection
	GlobalSection(ProjectConfigurationPlatforms) = postSolution
		{0B1AE103-666F-4A6C-A7C8-3161E3709A6A}.Debug|Any CPU.ActiveCfg = Debug|Any CPU
		{0B1AE103-666F-4A6C-A7C8-3161E3709A6A}.Debug|Any CPU.Build.0 = Debug|Any CPU
		{0B1AE103-666F-4A6C-A7C8-3161E3709A6A}.Debug|Any CPU.Deploy.0 = Debug|Any CPU
		{0B1AE103-666F-4A6C-A7C8-3161E3709A6A}.Debug|iPhone.ActiveCfg = Debug|Any CPU
		{0B1AE103-666F-4A6C-A7C8-3161E3709A6A}.Debug|iPhone.Build.0 = Debug|Any CPU
		{0B1AE103-666F-4A6C-A7C8-3161E3709A6A}.Debug|iPhone.Deploy.0 = Debug|Any CPU
		{0B1AE103-666F-4A6C-A7C8-3161E3709A6A}.Debug|iPhoneSimulator.ActiveCfg = Debug|Any CPU
		{0B1AE103-666F-4A6C-A7C8-3161E3709A6A}.Debug|iPhoneSimulator.Build.0 = Debug|Any CPU
		{0B1AE103-666F-4A6C-A7C8-3161E3709A6A}.Debug|iPhoneSimulator.Deploy.0 = Debug|Any CPU
		{0B1AE103-666F-4A6C-A7C8-3161E3709A6A}.Release|Any CPU.ActiveCfg = Release|Any CPU
		{0B1AE103-666F-4A6C-A7C8-3161E3709A6A}.Release|Any CPU.Build.0 = Release|Any CPU
		{0B1AE103-666F-4A6C-A7C8-3161E3709A6A}.Release|Any CPU.Deploy.0 = Release|Any CPU
		{0B1AE103-666F-4A6C-A7C8-3161E3709A6A}.Release|iPhone.ActiveCfg = Release|Any CPU
		{0B1AE103-666F-4A6C-A7C8-3161E3709A6A}.Release|iPhone.Build.0 = Release|Any CPU
		{0B1AE103-666F-4A6C-A7C8-3161E3709A6A}.Release|iPhone.Deploy.0 = Release|Any CPU
		{0B1AE103-666F-4A6C-A7C8-3161E3709A6A}.Release|iPhoneSimulator.ActiveCfg = Release|Any CPU
		{0B1AE103-666F-4A6C-A7C8-3161E3709A6A}.Release|iPhoneSimulator.Build.0 = Release|Any CPU
		{0B1AE103-666F-4A6C-A7C8-3161E3709A6A}.Release|iPhoneSimulator.Deploy.0 = Release|Any CPU
		{E0281050-D7AB-45AF-90BA-165E8846968E}.Debug|Any CPU.ActiveCfg = Debug|iPhoneSimulator
		{E0281050-D7AB-45AF-90BA-165E8846968E}.Debug|Any CPU.Build.0 = Debug|iPhoneSimulator
		{E0281050-D7AB-45AF-90BA-165E8846968E}.Debug|Any CPU.Deploy.0 = Debug|iPhoneSimulator
		{E0281050-D7AB-45AF-90BA-165E8846968E}.Debug|iPhone.ActiveCfg = Debug|iPhone
		{E0281050-D7AB-45AF-90BA-165E8846968E}.Debug|iPhone.Build.0 = Debug|iPhone
		{E0281050-D7AB-45AF-90BA-165E8846968E}.Debug|iPhone.Deploy.0 = Debug|iPhone
		{E0281050-D7AB-45AF-90BA-165E8846968E}.Debug|iPhoneSimulator.ActiveCfg = Debug|iPhoneSimulator
		{E0281050-D7AB-45AF-90BA-165E8846968E}.Debug|iPhoneSimulator.Build.0 = Debug|iPhoneSimulator
		{E0281050-D7AB-45AF-90BA-165E8846968E}.Debug|iPhoneSimulator.Deploy.0 = Debug|iPhoneSimulator
		{E0281050-D7AB-45AF-90BA-165E8846968E}.Release|Any CPU.ActiveCfg = Release|iPhone
		{E0281050-D7AB-45AF-90BA-165E8846968E}.Release|Any CPU.Build.0 = Release|iPhone
		{E0281050-D7AB-45AF-90BA-165E8846968E}.Release|Any CPU.Deploy.0 = Release|iPhone
		{E0281050-D7AB-45AF-90BA-165E8846968E}.Release|iPhone.ActiveCfg = Release|iPhone
		{E0281050-D7AB-45AF-90BA-165E8846968E}.Release|iPhone.Build.0 = Release|iPhone
		{E0281050-D7AB-45AF-90BA-165E8846968E}.Release|iPhone.Deploy.0 = Release|iPhone
		{E0281050-D7AB-45AF-90BA-165E8846968E}.Release|iPhoneSimulator.ActiveCfg = Release|iPhoneSimulator
		{E0281050-D7AB-45AF-90BA-165E8846968E}.Release|iPhoneSimulator.Build.0 = Release|iPhoneSimulator
		{E0281050-D7AB-45AF-90BA-165E8846968E}.Release|iPhoneSimulator.Deploy.0 = Release|iPhoneSimulator
		{09E56843-5878-4DDA-83BC-3CCA3D5592A6}.Debug|Any CPU.ActiveCfg = Debug|Any CPU
		{09E56843-5878-4DDA-83BC-3CCA3D5592A6}.Debug|Any CPU.Build.0 = Debug|Any CPU
		{09E56843-5878-4DDA-83BC-3CCA3D5592A6}.Debug|Any CPU.Deploy.0 = Debug|Any CPU
		{09E56843-5878-4DDA-83BC-3CCA3D5592A6}.Debug|iPhone.ActiveCfg = Debug|Any CPU
		{09E56843-5878-4DDA-83BC-3CCA3D5592A6}.Debug|iPhone.Build.0 = Debug|Any CPU
		{09E56843-5878-4DDA-83BC-3CCA3D5592A6}.Debug|iPhone.Deploy.0 = Debug|Any CPU
		{09E56843-5878-4DDA-83BC-3CCA3D5592A6}.Debug|iPhoneSimulator.ActiveCfg = Debug|Any CPU
		{09E56843-5878-4DDA-83BC-3CCA3D5592A6}.Debug|iPhoneSimulator.Build.0 = Debug|Any CPU
		{09E56843-5878-4DDA-83BC-3CCA3D5592A6}.Debug|iPhoneSimulator.Deploy.0 = Debug|Any CPU
		{09E56843-5878-4DDA-83BC-3CCA3D5592A6}.Release|Any CPU.ActiveCfg = Release|Any CPU
		{09E56843-5878-4DDA-83BC-3CCA3D5592A6}.Release|Any CPU.Build.0 = Release|Any CPU
		{09E56843-5878-4DDA-83BC-3CCA3D5592A6}.Release|Any CPU.Deploy.0 = Release|Any CPU
		{09E56843-5878-4DDA-83BC-3CCA3D5592A6}.Release|iPhone.ActiveCfg = Release|Any CPU
		{09E56843-5878-4DDA-83BC-3CCA3D5592A6}.Release|iPhone.Build.0 = Release|Any CPU
		{09E56843-5878-4DDA-83BC-3CCA3D5592A6}.Release|iPhone.Deploy.0 = Release|Any CPU
		{09E56843-5878-4DDA-83BC-3CCA3D5592A6}.Release|iPhoneSimulator.ActiveCfg = Release|Any CPU
		{09E56843-5878-4DDA-83BC-3CCA3D5592A6}.Release|iPhoneSimulator.Build.0 = Release|Any CPU
		{09E56843-5878-4DDA-83BC-3CCA3D5592A6}.Release|iPhoneSimulator.Deploy.0 = Release|Any CPU
	EndGlobalSection
	GlobalSection(SolutionProperties) = preSolution
		HideSolutionNode = FALSE
	EndGlobalSection
	GlobalSection(ExtensibilityGlobals) = postSolution
		SolutionGuid = {EBF847BD-5C6C-4CDC-B6F0-CFA19683D58A}
	EndGlobalSection
EndGlobal
